// !$*UTF8*$!
{
	archiveVersion = 1;
	classes = {
	};
	objectVersion = 56;
	objects = {

/* Begin PBXBuildFile section */
		E9BDE6122C128CB200B5AC40 /* WhatsAppCloneApp.swift in Sources */ = {isa = PBXBuildFile; fileRef = E9BDE6112C128CB200B5AC40 /* WhatsAppCloneApp.swift */; };
		E9BDE6162C128CB300B5AC40 /* Assets.xcassets in Resources */ = {isa = PBXBuildFile; fileRef = E9BDE6152C128CB300B5AC40 /* Assets.xcassets */; };
		E9BDE6192C128CB300B5AC40 /* Preview Assets.xcassets in Resources */ = {isa = PBXBuildFile; fileRef = E9BDE6182C128CB300B5AC40 /* Preview Assets.xcassets */; };
		E9BDE6202C128DAE00B5AC40 /* MainTabView.swift in Sources */ = {isa = PBXBuildFile; fileRef = E9BDE61F2C128DAE00B5AC40 /* MainTabView.swift */; };
		E9BDE6222C12A4CF00B5AC40 /* UpdatesTabScreen.swift in Sources */ = {isa = PBXBuildFile; fileRef = E9BDE6212C12A4CF00B5AC40 /* UpdatesTabScreen.swift */; };
		E9BDE6262C12BCF100B5AC40 /* CallsTabScreen.swift in Sources */ = {isa = PBXBuildFile; fileRef = E9BDE6252C12BCF100B5AC40 /* CallsTabScreen.swift */; };
		E9BDE6322C13018500B5AC40 /* CommunityTabScreen.swift in Sources */ = {isa = PBXBuildFile; fileRef = E9BDE6312C13018500B5AC40 /* CommunityTabScreen.swift */; };
		E9BDE6352C13E96E00B5AC40 /* ChannelTabScreen.swift in Sources */ = {isa = PBXBuildFile; fileRef = E9BDE6342C13E96E00B5AC40 /* ChannelTabScreen.swift */; };
		E9BDE6372C13EF4100B5AC40 /* ChannelItemView.swift in Sources */ = {isa = PBXBuildFile; fileRef = E9BDE6362C13EF4100B5AC40 /* ChannelItemView.swift */; };
		E9BDE63A2C13FCA200B5AC40 /* SettingsTabScreen.swift in Sources */ = {isa = PBXBuildFile; fileRef = E9BDE6392C13FCA200B5AC40 /* SettingsTabScreen.swift */; };
		E9BDE63C2C13FD3C00B5AC40 /* SettingsItemView.swift in Sources */ = {isa = PBXBuildFile; fileRef = E9BDE63B2C13FD3C00B5AC40 /* SettingsItemView.swift */; };
		E9BDE63F2C13FE4500B5AC40 /* SettingsItem.swift in Sources */ = {isa = PBXBuildFile; fileRef = E9BDE63E2C13FE4500B5AC40 /* SettingsItem.swift */; };
		E9BDE6432C140E8900B5AC40 /* ChatRoomScreen.swift in Sources */ = {isa = PBXBuildFile; fileRef = E9BDE6422C140E8900B5AC40 /* ChatRoomScreen.swift */; };
		E9BDE6452C14134500B5AC40 /* TextInputArea.swift in Sources */ = {isa = PBXBuildFile; fileRef = E9BDE6442C14134500B5AC40 /* TextInputArea.swift */; };
		E9BDE6472C141BB600B5AC40 /* MessageListController.swift in Sources */ = {isa = PBXBuildFile; fileRef = E9BDE6462C141BB600B5AC40 /* MessageListController.swift */; };
		E9BDE6492C142A3400B5AC40 /* MessageListView.swift in Sources */ = {isa = PBXBuildFile; fileRef = E9BDE6482C142A3400B5AC40 /* MessageListView.swift */; };
		E9BDE64C2C14498F00B5AC40 /* MessageItem.swift in Sources */ = {isa = PBXBuildFile; fileRef = E9BDE64B2C14498F00B5AC40 /* MessageItem.swift */; };
		E9BDE64E2C144AEA00B5AC40 /* BubbleTextView.swift in Sources */ = {isa = PBXBuildFile; fileRef = E9BDE64D2C144AEA00B5AC40 /* BubbleTextView.swift */; };
		E9BDE6502C144BF100B5AC40 /* BubbleTailView.swift in Sources */ = {isa = PBXBuildFile; fileRef = E9BDE64F2C144BF100B5AC40 /* BubbleTailView.swift */; };
		E9BDE6532C144E4900B5AC40 /* CustomModifers.swift in Sources */ = {isa = PBXBuildFile; fileRef = E9BDE6522C144E4900B5AC40 /* CustomModifers.swift */; };
/* End PBXBuildFile section */

/* Begin PBXFileReference section */
		E9BDE60E2C128CB200B5AC40 /* WhatsAppClone.app */ = {isa = PBXFileReference; explicitFileType = wrapper.application; includeInIndex = 0; path = WhatsAppClone.app; sourceTree = BUILT_PRODUCTS_DIR; };
		E9BDE6112C128CB200B5AC40 /* WhatsAppCloneApp.swift */ = {isa = PBXFileReference; lastKnownFileType = sourcecode.swift; path = WhatsAppCloneApp.swift; sourceTree = "<group>"; };
		E9BDE6152C128CB300B5AC40 /* Assets.xcassets */ = {isa = PBXFileReference; lastKnownFileType = folder.assetcatalog; path = Assets.xcassets; sourceTree = "<group>"; };
		E9BDE6182C128CB300B5AC40 /* Preview Assets.xcassets */ = {isa = PBXFileReference; lastKnownFileType = folder.assetcatalog; path = "Preview Assets.xcassets"; sourceTree = "<group>"; };
		E9BDE61F2C128DAE00B5AC40 /* MainTabView.swift */ = {isa = PBXFileReference; lastKnownFileType = sourcecode.swift; path = MainTabView.swift; sourceTree = "<group>"; };
		E9BDE6212C12A4CF00B5AC40 /* UpdatesTabScreen.swift */ = {isa = PBXFileReference; lastKnownFileType = sourcecode.swift; path = UpdatesTabScreen.swift; sourceTree = "<group>"; };
		E9BDE6252C12BCF100B5AC40 /* CallsTabScreen.swift */ = {isa = PBXFileReference; lastKnownFileType = sourcecode.swift; path = CallsTabScreen.swift; sourceTree = "<group>"; };
		E9BDE6312C13018500B5AC40 /* CommunityTabScreen.swift */ = {isa = PBXFileReference; lastKnownFileType = sourcecode.swift; path = CommunityTabScreen.swift; sourceTree = "<group>"; };
		E9BDE6342C13E96E00B5AC40 /* ChannelTabScreen.swift */ = {isa = PBXFileReference; lastKnownFileType = sourcecode.swift; path = ChannelTabScreen.swift; sourceTree = "<group>"; };
		E9BDE6362C13EF4100B5AC40 /* ChannelItemView.swift */ = {isa = PBXFileReference; lastKnownFileType = sourcecode.swift; path = ChannelItemView.swift; sourceTree = "<group>"; };
		E9BDE6392C13FCA200B5AC40 /* SettingsTabScreen.swift */ = {isa = PBXFileReference; lastKnownFileType = sourcecode.swift; path = SettingsTabScreen.swift; sourceTree = "<group>"; };
		E9BDE63B2C13FD3C00B5AC40 /* SettingsItemView.swift */ = {isa = PBXFileReference; lastKnownFileType = sourcecode.swift; path = SettingsItemView.swift; sourceTree = "<group>"; };
		E9BDE63E2C13FE4500B5AC40 /* SettingsItem.swift */ = {isa = PBXFileReference; lastKnownFileType = sourcecode.swift; path = SettingsItem.swift; sourceTree = "<group>"; };
		E9BDE6422C140E8900B5AC40 /* ChatRoomScreen.swift */ = {isa = PBXFileReference; lastKnownFileType = sourcecode.swift; path = ChatRoomScreen.swift; sourceTree = "<group>"; };
		E9BDE6442C14134500B5AC40 /* TextInputArea.swift */ = {isa = PBXFileReference; lastKnownFileType = sourcecode.swift; path = TextInputArea.swift; sourceTree = "<group>"; };
		E9BDE6462C141BB600B5AC40 /* MessageListController.swift */ = {isa = PBXFileReference; lastKnownFileType = sourcecode.swift; path = MessageListController.swift; sourceTree = "<group>"; };
		E9BDE6482C142A3400B5AC40 /* MessageListView.swift */ = {isa = PBXFileReference; lastKnownFileType = sourcecode.swift; path = MessageListView.swift; sourceTree = "<group>"; };
		E9BDE64B2C14498F00B5AC40 /* MessageItem.swift */ = {isa = PBXFileReference; lastKnownFileType = sourcecode.swift; path = MessageItem.swift; sourceTree = "<group>"; };
		E9BDE64D2C144AEA00B5AC40 /* BubbleTextView.swift */ = {isa = PBXFileReference; lastKnownFileType = sourcecode.swift; path = BubbleTextView.swift; sourceTree = "<group>"; };
		E9BDE64F2C144BF100B5AC40 /* BubbleTailView.swift */ = {isa = PBXFileReference; lastKnownFileType = sourcecode.swift; path = BubbleTailView.swift; sourceTree = "<group>"; };
		E9BDE6522C144E4900B5AC40 /* CustomModifers.swift */ = {isa = PBXFileReference; lastKnownFileType = sourcecode.swift; path = CustomModifers.swift; sourceTree = "<group>"; };
/* End PBXFileReference section */

/* Begin PBXFrameworksBuildPhase section */
		E9BDE60B2C128CB200B5AC40 /* Frameworks */ = {
			isa = PBXFrameworksBuildPhase;
			buildActionMask = 2147483647;
			files = (
			);
			runOnlyForDeploymentPostprocessing = 0;
		};
/* End PBXFrameworksBuildPhase section */

/* Begin PBXGroup section */
		E9BDE6052C128CB200B5AC40 = {
			isa = PBXGroup;
			children = (
				E9BDE6102C128CB200B5AC40 /* WhatsAppClone */,
				E9BDE60F2C128CB200B5AC40 /* Products */,
			);
			sourceTree = "<group>";
		};
		E9BDE60F2C128CB200B5AC40 /* Products */ = {
			isa = PBXGroup;
			children = (
				E9BDE60E2C128CB200B5AC40 /* WhatsAppClone.app */,
			);
			name = Products;
			sourceTree = "<group>";
		};
		E9BDE6102C128CB200B5AC40 /* WhatsAppClone */ = {
			isa = PBXGroup;
			children = (
				E9BDE6512C144E3700B5AC40 /* Helpers */,
				E9BDE6272C1300A800B5AC40 /* Screens */,
				E9BDE6112C128CB200B5AC40 /* WhatsAppCloneApp.swift */,
				E9BDE61F2C128DAE00B5AC40 /* MainTabView.swift */,
				E9BDE6152C128CB300B5AC40 /* Assets.xcassets */,
				E9BDE6172C128CB300B5AC40 /* Preview Content */,
			);
			path = WhatsAppClone;
			sourceTree = "<group>";
		};
		E9BDE6172C128CB300B5AC40 /* Preview Content */ = {
			isa = PBXGroup;
			children = (
				E9BDE6182C128CB300B5AC40 /* Preview Assets.xcassets */,
			);
			path = "Preview Content";
			sourceTree = "<group>";
		};
		E9BDE6272C1300A800B5AC40 /* Screens */ = {
			isa = PBXGroup;
			children = (
				E9BDE6402C140E6600B5AC40 /* Chat */,
				E9BDE62D2C1300F100B5AC40 /* Updates */,
				E9BDE62C2C1300E100B5AC40 /* Community */,
				E9BDE62B2C1300D000B5AC40 /* Channel */,
				E9BDE62A2C1300CB00B5AC40 /* Calls */,
				E9BDE6282C1300BC00B5AC40 /* Settings */,
			);
			path = Screens;
			sourceTree = "<group>";
		};
		E9BDE6282C1300BC00B5AC40 /* Settings */ = {
			isa = PBXGroup;
			children = (
				E9BDE63D2C13FE2700B5AC40 /* Models */,
				E9BDE6382C13FC8E00B5AC40 /* Views */,
			);
			path = Settings;
			sourceTree = "<group>";
		};
		E9BDE62A2C1300CB00B5AC40 /* Calls */ = {
			isa = PBXGroup;
			children = (
				E9BDE62E2C13011600B5AC40 /* Views */,
			);
			path = Calls;
			sourceTree = "<group>";
		};
		E9BDE62B2C1300D000B5AC40 /* Channel */ = {
			isa = PBXGroup;
			children = (
				E9BDE6332C13E96200B5AC40 /* Views */,
			);
			path = Channel;
			sourceTree = "<group>";
		};
		E9BDE62C2C1300E100B5AC40 /* Community */ = {
			isa = PBXGroup;
			children = (
				E9BDE6302C13016800B5AC40 /* Views */,
			);
			path = Community;
			sourceTree = "<group>";
		};
		E9BDE62D2C1300F100B5AC40 /* Updates */ = {
			isa = PBXGroup;
			children = (
				E9BDE62F2C13012800B5AC40 /* Views */,
			);
			path = Updates;
			sourceTree = "<group>";
		};
		E9BDE62E2C13011600B5AC40 /* Views */ = {
			isa = PBXGroup;
			children = (
				E9BDE6252C12BCF100B5AC40 /* CallsTabScreen.swift */,
			);
			path = Views;
			sourceTree = "<group>";
		};
		E9BDE62F2C13012800B5AC40 /* Views */ = {
			isa = PBXGroup;
			children = (
				E9BDE6212C12A4CF00B5AC40 /* UpdatesTabScreen.swift */,
			);
			path = Views;
			sourceTree = "<group>";
		};
		E9BDE6302C13016800B5AC40 /* Views */ = {
			isa = PBXGroup;
			children = (
				E9BDE6312C13018500B5AC40 /* CommunityTabScreen.swift */,
			);
			path = Views;
			sourceTree = "<group>";
		};
		E9BDE6332C13E96200B5AC40 /* Views */ = {
			isa = PBXGroup;
			children = (
				E9BDE6342C13E96E00B5AC40 /* ChannelTabScreen.swift */,
				E9BDE6362C13EF4100B5AC40 /* ChannelItemView.swift */,
			);
			path = Views;
			sourceTree = "<group>";
		};
		E9BDE6382C13FC8E00B5AC40 /* Views */ = {
			isa = PBXGroup;
			children = (
				E9BDE6392C13FCA200B5AC40 /* SettingsTabScreen.swift */,
				E9BDE63B2C13FD3C00B5AC40 /* SettingsItemView.swift */,
			);
			path = Views;
			sourceTree = "<group>";
		};
		E9BDE63D2C13FE2700B5AC40 /* Models */ = {
			isa = PBXGroup;
			children = (
				E9BDE63E2C13FE4500B5AC40 /* SettingsItem.swift */,
			);
			path = Models;
			sourceTree = "<group>";
		};
		E9BDE6402C140E6600B5AC40 /* Chat */ = {
			isa = PBXGroup;
			children = (
				E9BDE64A2C14496100B5AC40 /* Models */,
				E9BDE6412C140E6D00B5AC40 /* Views */,
			);
			path = Chat;
			sourceTree = "<group>";
		};
		E9BDE6412C140E6D00B5AC40 /* Views */ = {
			isa = PBXGroup;
			children = (
				E9BDE6422C140E8900B5AC40 /* ChatRoomScreen.swift */,
				E9BDE6442C14134500B5AC40 /* TextInputArea.swift */,
				E9BDE6462C141BB600B5AC40 /* MessageListController.swift */,
				E9BDE6482C142A3400B5AC40 /* MessageListView.swift */,
				E9BDE64D2C144AEA00B5AC40 /* BubbleTextView.swift */,
				E9BDE64F2C144BF100B5AC40 /* BubbleTailView.swift */,
			);
			path = Views;
			sourceTree = "<group>";
		};
		E9BDE64A2C14496100B5AC40 /* Models */ = {
			isa = PBXGroup;
			children = (
				E9BDE64B2C14498F00B5AC40 /* MessageItem.swift */,
			);
			path = Models;
			sourceTree = "<group>";
		};
		E9BDE6512C144E3700B5AC40 /* Helpers */ = {
			isa = PBXGroup;
			children = (
				E9BDE6522C144E4900B5AC40 /* CustomModifers.swift */,
			);
			path = Helpers;
			sourceTree = "<group>";
		};
/* End PBXGroup section */

/* Begin PBXNativeTarget section */
		E9BDE60D2C128CB200B5AC40 /* WhatsAppClone */ = {
			isa = PBXNativeTarget;
			buildConfigurationList = E9BDE61C2C128CB300B5AC40 /* Build configuration list for PBXNativeTarget "WhatsAppClone" */;
			buildPhases = (
				E9BDE60A2C128CB200B5AC40 /* Sources */,
				E9BDE60B2C128CB200B5AC40 /* Frameworks */,
				E9BDE60C2C128CB200B5AC40 /* Resources */,
			);
			buildRules = (
			);
			dependencies = (
			);
			name = WhatsAppClone;
			productName = WhatsAppClone;
			productReference = E9BDE60E2C128CB200B5AC40 /* WhatsAppClone.app */;
			productType = "com.apple.product-type.application";
		};
/* End PBXNativeTarget section */

/* Begin PBXProject section */
		E9BDE6062C128CB200B5AC40 /* Project object */ = {
			isa = PBXProject;
			attributes = {
				BuildIndependentTargetsInParallel = 1;
				LastSwiftUpdateCheck = 1520;
				LastUpgradeCheck = 1520;
				TargetAttributes = {
					E9BDE60D2C128CB200B5AC40 = {
						CreatedOnToolsVersion = 15.2;
					};
				};
			};
			buildConfigurationList = E9BDE6092C128CB200B5AC40 /* Build configuration list for PBXProject "WhatsAppClone" */;
			compatibilityVersion = "Xcode 14.0";
			developmentRegion = en;
			hasScannedForEncodings = 0;
			knownRegions = (
				en,
				Base,
			);
			mainGroup = E9BDE6052C128CB200B5AC40;
			productRefGroup = E9BDE60F2C128CB200B5AC40 /* Products */;
			projectDirPath = "";
			projectRoot = "";
			targets = (
				E9BDE60D2C128CB200B5AC40 /* WhatsAppClone */,
			);
		};
/* End PBXProject section */

/* Begin PBXResourcesBuildPhase section */
		E9BDE60C2C128CB200B5AC40 /* Resources */ = {
			isa = PBXResourcesBuildPhase;
			buildActionMask = 2147483647;
			files = (
				E9BDE6192C128CB300B5AC40 /* Preview Assets.xcassets in Resources */,
				E9BDE6162C128CB300B5AC40 /* Assets.xcassets in Resources */,
			);
			runOnlyForDeploymentPostprocessing = 0;
		};
/* End PBXResourcesBuildPhase section */

/* Begin PBXSourcesBuildPhase section */
		E9BDE60A2C128CB200B5AC40 /* Sources */ = {
			isa = PBXSourcesBuildPhase;
			buildActionMask = 2147483647;
			files = (
				E9BDE6222C12A4CF00B5AC40 /* UpdatesTabScreen.swift in Sources */,
				E9BDE6262C12BCF100B5AC40 /* CallsTabScreen.swift in Sources */,
				E9BDE63A2C13FCA200B5AC40 /* SettingsTabScreen.swift in Sources */,
				E9BDE6322C13018500B5AC40 /* CommunityTabScreen.swift in Sources */,
				E9BDE6472C141BB600B5AC40 /* MessageListController.swift in Sources */,
				E9BDE6452C14134500B5AC40 /* TextInputArea.swift in Sources */,
				E9BDE6502C144BF100B5AC40 /* BubbleTailView.swift in Sources */,
				E9BDE6352C13E96E00B5AC40 /* ChannelTabScreen.swift in Sources */,
				E9BDE6122C128CB200B5AC40 /* WhatsAppCloneApp.swift in Sources */,
				E9BDE6492C142A3400B5AC40 /* MessageListView.swift in Sources */,
				E9BDE6432C140E8900B5AC40 /* ChatRoomScreen.swift in Sources */,
				E9BDE63C2C13FD3C00B5AC40 /* SettingsItemView.swift in Sources */,
				E9BDE64E2C144AEA00B5AC40 /* BubbleTextView.swift in Sources */,
				E9BDE64C2C14498F00B5AC40 /* MessageItem.swift in Sources */,
				E9BDE6372C13EF4100B5AC40 /* ChannelItemView.swift in Sources */,
				E9BDE6202C128DAE00B5AC40 /* MainTabView.swift in Sources */,
				E9BDE63F2C13FE4500B5AC40 /* SettingsItem.swift in Sources */,
				E9BDE6532C144E4900B5AC40 /* CustomModifers.swift in Sources */,
			);
			runOnlyForDeploymentPostprocessing = 0;
		};
/* End PBXSourcesBuildPhase section */

/* Begin XCBuildConfiguration section */
		E9BDE61A2C128CB300B5AC40 /* Debug */ = {
			isa = XCBuildConfiguration;
			buildSettings = {
				ALWAYS_SEARCH_USER_PATHS = NO;
				ASSETCATALOG_COMPILER_GENERATE_SWIFT_ASSET_SYMBOL_EXTENSIONS = YES;
				CLANG_ANALYZER_NONNULL = YES;
				CLANG_ANALYZER_NUMBER_OBJECT_CONVERSION = YES_AGGRESSIVE;
				CLANG_CXX_LANGUAGE_STANDARD = "gnu++20";
				CLANG_ENABLE_MODULES = YES;
				CLANG_ENABLE_OBJC_ARC = YES;
				CLANG_ENABLE_OBJC_WEAK = YES;
				CLANG_WARN_BLOCK_CAPTURE_AUTORELEASING = YES;
				CLANG_WARN_BOOL_CONVERSION = YES;
				CLANG_WARN_COMMA = YES;
				CLANG_WARN_CONSTANT_CONVERSION = YES;
				CLANG_WARN_DEPRECATED_OBJC_IMPLEMENTATIONS = YES;
				CLANG_WARN_DIRECT_OBJC_ISA_USAGE = YES_ERROR;
				CLANG_WARN_DOCUMENTATION_COMMENTS = YES;
				CLANG_WARN_EMPTY_BODY = YES;
				CLANG_WARN_ENUM_CONVERSION = YES;
				CLANG_WARN_INFINITE_RECURSION = YES;
				CLANG_WARN_INT_CONVERSION = YES;
				CLANG_WARN_NON_LITERAL_NULL_CONVERSION = YES;
				CLANG_WARN_OBJC_IMPLICIT_RETAIN_SELF = YES;
				CLANG_WARN_OBJC_LITERAL_CONVERSION = YES;
				CLANG_WARN_OBJC_ROOT_CLASS = YES_ERROR;
				CLANG_WARN_QUOTED_INCLUDE_IN_FRAMEWORK_HEADER = YES;
				CLANG_WARN_RANGE_LOOP_ANALYSIS = YES;
				CLANG_WARN_STRICT_PROTOTYPES = YES;
				CLANG_WARN_SUSPICIOUS_MOVE = YES;
				CLANG_WARN_UNGUARDED_AVAILABILITY = YES_AGGRESSIVE;
				CLANG_WARN_UNREACHABLE_CODE = YES;
				CLANG_WARN__DUPLICATE_METHOD_MATCH = YES;
				COPY_PHASE_STRIP = NO;
				DEBUG_INFORMATION_FORMAT = dwarf;
				ENABLE_STRICT_OBJC_MSGSEND = YES;
				ENABLE_TESTABILITY = YES;
				ENABLE_USER_SCRIPT_SANDBOXING = YES;
				GCC_C_LANGUAGE_STANDARD = gnu17;
				GCC_DYNAMIC_NO_PIC = NO;
				GCC_NO_COMMON_BLOCKS = YES;
				GCC_OPTIMIZATION_LEVEL = 0;
				GCC_PREPROCESSOR_DEFINITIONS = (
					"DEBUG=1",
					"$(inherited)",
				);
				GCC_WARN_64_TO_32_BIT_CONVERSION = YES;
				GCC_WARN_ABOUT_RETURN_TYPE = YES_ERROR;
				GCC_WARN_UNDECLARED_SELECTOR = YES;
				GCC_WARN_UNINITIALIZED_AUTOS = YES_AGGRESSIVE;
				GCC_WARN_UNUSED_FUNCTION = YES;
				GCC_WARN_UNUSED_VARIABLE = YES;
				IPHONEOS_DEPLOYMENT_TARGET = 17.2;
				LOCALIZATION_PREFERS_STRING_CATALOGS = YES;
				MTL_ENABLE_DEBUG_INFO = INCLUDE_SOURCE;
				MTL_FAST_MATH = YES;
				ONLY_ACTIVE_ARCH = YES;
				SDKROOT = iphoneos;
				SWIFT_ACTIVE_COMPILATION_CONDITIONS = "DEBUG $(inherited)";
				SWIFT_OPTIMIZATION_LEVEL = "-Onone";
			};
			name = Debug;
		};
		E9BDE61B2C128CB300B5AC40 /* Release */ = {
			isa = XCBuildConfiguration;
			buildSettings = {
				ALWAYS_SEARCH_USER_PATHS = NO;
				ASSETCATALOG_COMPILER_GENERATE_SWIFT_ASSET_SYMBOL_EXTENSIONS = YES;
				CLANG_ANALYZER_NONNULL = YES;
				CLANG_ANALYZER_NUMBER_OBJECT_CONVERSION = YES_AGGRESSIVE;
				CLANG_CXX_LANGUAGE_STANDARD = "gnu++20";
				CLANG_ENABLE_MODULES = YES;
				CLANG_ENABLE_OBJC_ARC = YES;
				CLANG_ENABLE_OBJC_WEAK = YES;
				CLANG_WARN_BLOCK_CAPTURE_AUTORELEASING = YES;
				CLANG_WARN_BOOL_CONVERSION = YES;
				CLANG_WARN_COMMA = YES;
				CLANG_WARN_CONSTANT_CONVERSION = YES;
				CLANG_WARN_DEPRECATED_OBJC_IMPLEMENTATIONS = YES;
				CLANG_WARN_DIRECT_OBJC_ISA_USAGE = YES_ERROR;
				CLANG_WARN_DOCUMENTATION_COMMENTS = YES;
				CLANG_WARN_EMPTY_BODY = YES;
				CLANG_WARN_ENUM_CONVERSION = YES;
				CLANG_WARN_INFINITE_RECURSION = YES;
				CLANG_WARN_INT_CONVERSION = YES;
				CLANG_WARN_NON_LITERAL_NULL_CONVERSION = YES;
				CLANG_WARN_OBJC_IMPLICIT_RETAIN_SELF = YES;
				CLANG_WARN_OBJC_LITERAL_CONVERSION = YES;
				CLANG_WARN_OBJC_ROOT_CLASS = YES_ERROR;
				CLANG_WARN_QUOTED_INCLUDE_IN_FRAMEWORK_HEADER = YES;
				CLANG_WARN_RANGE_LOOP_ANALYSIS = YES;
				CLANG_WARN_STRICT_PROTOTYPES = YES;
				CLANG_WARN_SUSPICIOUS_MOVE = YES;
				CLANG_WARN_UNGUARDED_AVAILABILITY = YES_AGGRESSIVE;
				CLANG_WARN_UNREACHABLE_CODE = YES;
				CLANG_WARN__DUPLICATE_METHOD_MATCH = YES;
				COPY_PHASE_STRIP = NO;
				DEBUG_INFORMATION_FORMAT = "dwarf-with-dsym";
				ENABLE_NS_ASSERTIONS = NO;
				ENABLE_STRICT_OBJC_MSGSEND = YES;
				ENABLE_USER_SCRIPT_SANDBOXING = YES;
				GCC_C_LANGUAGE_STANDARD = gnu17;
				GCC_NO_COMMON_BLOCKS = YES;
				GCC_WARN_64_TO_32_BIT_CONVERSION = YES;
				GCC_WARN_ABOUT_RETURN_TYPE = YES_ERROR;
				GCC_WARN_UNDECLARED_SELECTOR = YES;
				GCC_WARN_UNINITIALIZED_AUTOS = YES_AGGRESSIVE;
				GCC_WARN_UNUSED_FUNCTION = YES;
				GCC_WARN_UNUSED_VARIABLE = YES;
				IPHONEOS_DEPLOYMENT_TARGET = 17.2;
				LOCALIZATION_PREFERS_STRING_CATALOGS = YES;
				MTL_ENABLE_DEBUG_INFO = NO;
				MTL_FAST_MATH = YES;
				SDKROOT = iphoneos;
				SWIFT_COMPILATION_MODE = wholemodule;
				VALIDATE_PRODUCT = YES;
			};
			name = Release;
		};
		E9BDE61D2C128CB300B5AC40 /* Debug */ = {
			isa = XCBuildConfiguration;
			buildSettings = {
				ASSETCATALOG_COMPILER_APPICON_NAME = AppIcon;
				ASSETCATALOG_COMPILER_GLOBAL_ACCENT_COLOR_NAME = AccentColor;
				CODE_SIGN_STYLE = Automatic;
				CURRENT_PROJECT_VERSION = 1;
				DEVELOPMENT_ASSET_PATHS = "\"WhatsAppClone/Preview Content\"";
				DEVELOPMENT_TEAM = 56D2N2QM88;
				ENABLE_PREVIEWS = YES;
				GENERATE_INFOPLIST_FILE = YES;
				INFOPLIST_KEY_UIApplicationSceneManifest_Generation = YES;
				INFOPLIST_KEY_UIApplicationSupportsIndirectInputEvents = YES;
				INFOPLIST_KEY_UILaunchScreen_Generation = YES;
				INFOPLIST_KEY_UISupportedInterfaceOrientations_iPad = "UIInterfaceOrientationPortrait UIInterfaceOrientationPortraitUpsideDown UIInterfaceOrientationLandscapeLeft UIInterfaceOrientationLandscapeRight";
				INFOPLIST_KEY_UISupportedInterfaceOrientations_iPhone = "UIInterfaceOrientationPortrait UIInterfaceOrientationLandscapeLeft UIInterfaceOrientationLandscapeRight";
				LD_RUNPATH_SEARCH_PATHS = (
					"$(inherited)",
					"@executable_path/Frameworks",
				);
				MARKETING_VERSION = 1.0;
				PRODUCT_BUNDLE_IDENTIFIER = tmrff.WhatsAppClone;
				PRODUCT_NAME = "$(TARGET_NAME)";
				SWIFT_EMIT_LOC_STRINGS = YES;
				SWIFT_VERSION = 5.0;
				TARGETED_DEVICE_FAMILY = "1,2";
			};
			name = Debug;
		};
		E9BDE61E2C128CB300B5AC40 /* Release */ = {
			isa = XCBuildConfiguration;
			buildSettings = {
				ASSETCATALOG_COMPILER_APPICON_NAME = AppIcon;
				ASSETCATALOG_COMPILER_GLOBAL_ACCENT_COLOR_NAME = AccentColor;
				CODE_SIGN_STYLE = Automatic;
				CURRENT_PROJECT_VERSION = 1;
				DEVELOPMENT_ASSET_PATHS = "\"WhatsAppClone/Preview Content\"";
				DEVELOPMENT_TEAM = 56D2N2QM88;
				ENABLE_PREVIEWS = YES;
				GENERATE_INFOPLIST_FILE = YES;
				INFOPLIST_KEY_UIApplicationSceneManifest_Generation = YES;
				INFOPLIST_KEY_UIApplicationSupportsIndirectInputEvents = YES;
				INFOPLIST_KEY_UILaunchScreen_Generation = YES;
				INFOPLIST_KEY_UISupportedInterfaceOrientations_iPad = "UIInterfaceOrientationPortrait UIInterfaceOrientationPortraitUpsideDown UIInterfaceOrientationLandscapeLeft UIInterfaceOrientationLandscapeRight";
				INFOPLIST_KEY_UISupportedInterfaceOrientations_iPhone = "UIInterfaceOrientationPortrait UIInterfaceOrientationLandscapeLeft UIInterfaceOrientationLandscapeRight";
				LD_RUNPATH_SEARCH_PATHS = (
					"$(inherited)",
					"@executable_path/Frameworks",
				);
				MARKETING_VERSION = 1.0;
				PRODUCT_BUNDLE_IDENTIFIER = tmrff.WhatsAppClone;
				PRODUCT_NAME = "$(TARGET_NAME)";
				SWIFT_EMIT_LOC_STRINGS = YES;
				SWIFT_VERSION = 5.0;
				TARGETED_DEVICE_FAMILY = "1,2";
			};
			name = Release;
		};
/* End XCBuildConfiguration section */

/* Begin XCConfigurationList section */
		E9BDE6092C128CB200B5AC40 /* Build configuration list for PBXProject "WhatsAppClone" */ = {
			isa = XCConfigurationList;
			buildConfigurations = (
				E9BDE61A2C128CB300B5AC40 /* Debug */,
				E9BDE61B2C128CB300B5AC40 /* Release */,
			);
			defaultConfigurationIsVisible = 0;
			defaultConfigurationName = Release;
		};
		E9BDE61C2C128CB300B5AC40 /* Build configuration list for PBXNativeTarget "WhatsAppClone" */ = {
			isa = XCConfigurationList;
			buildConfigurations = (
				E9BDE61D2C128CB300B5AC40 /* Debug */,
				E9BDE61E2C128CB300B5AC40 /* Release */,
			);
			defaultConfigurationIsVisible = 0;
			defaultConfigurationName = Release;
		};
/* End XCConfigurationList section */
	};
	rootObject = E9BDE6062C128CB200B5AC40 /* Project object */;
}
